
Microsoft Visual Studio Solution File, Format Version 12.00
# Visual Studio Version 16
VisualStudioVersion = 16.0.29926.136
MinimumVisualStudioVersion = 10.0.40219.1
Project("{9A19103F-16F7-4668-BE54-9A1E7A4F7556}") = "Helios.Architecture.Scrambler", "Helios.Architecture.Scrambler\Helios.Architecture.Scrambler.csproj", "{8D17072B-286F-4680-84A6-41302731A84F}"
EndProject
Global
	GlobalSection(SolutionConfigurationPlatforms) = preSolution
		Debug|Any CPU = Debug|Any CPU
		Release|Any CPU = Release|Any CPU
	EndGlobalSection
	GlobalSection(ProjectConfigurationPlatforms) = postSolution
		{8D17072B-286F-4680-84A6-41302731A84F}.Debug|Any CPU.ActiveCfg = Debug|Any CPU
		{8D17072B-286F-4680-84A6-41302731A84F}.Debug|Any CPU.Build.0 = Debug|Any CPU
		{8D17072B-286F-4680-84A6-41302731A84F}.Release|Any CPU.ActiveCfg = Release|Any CPU
		{8D17072B-286F-4680-84A6-41302731A84F}.Release|Any CPU.Build.0 = Release|Any CPU
	EndGlobalSection
	GlobalSection(SolutionProperties) = preSolution
		HideSolutionNode = FALSE
	EndGlobalSection
	GlobalSection(ExtensibilityGlobals) = postSolution
		SolutionGuid = {203D85A7-2B42-4ED6-93BE-7BF6E87B922B}
	EndGlobalSection
EndGlobal
